// !$*UTF8*$!
{
	archiveVersion = 1;
	classes = {
	};
	objectVersion = 51;
	objects = {

/* Begin PBXBuildFile section */
		428E810524211E77007FCB8D /* HCProductTableViewCell.swift in Sources */ = {isa = PBXBuildFile; fileRef = 428E810424211E77007FCB8D /* HCProductTableViewCell.swift */; };
		428E810724211E89007FCB8D /* HCBlogTableViewCell.swift in Sources */ = {isa = PBXBuildFile; fileRef = 428E810624211E89007FCB8D /* HCBlogTableViewCell.swift */; };
		428E810A24212384007FCB8D /* HCMainViewModel.swift in Sources */ = {isa = PBXBuildFile; fileRef = 428E810924212384007FCB8D /* HCMainViewModel.swift */; };
		428E810F24213304007FCB8D /* HCProductCollectionViewCell.swift in Sources */ = {isa = PBXBuildFile; fileRef = 428E810D24213304007FCB8D /* HCProductCollectionViewCell.swift */; };
		42B2276B2420EDC7004F3217 /* AppDelegate.swift in Sources */ = {isa = PBXBuildFile; fileRef = 42B2276A2420EDC7004F3217 /* AppDelegate.swift */; };
		42B2276D2420EDC7004F3217 /* SceneDelegate.swift in Sources */ = {isa = PBXBuildFile; fileRef = 42B2276C2420EDC7004F3217 /* SceneDelegate.swift */; };
		42B2276F2420EDC7004F3217 /* HCViewController.swift in Sources */ = {isa = PBXBuildFile; fileRef = 42B2276E2420EDC7004F3217 /* HCViewController.swift */; };
		42B227742420EDC9004F3217 /* Assets.xcassets in Resources */ = {isa = PBXBuildFile; fileRef = 42B227732420EDC9004F3217 /* Assets.xcassets */; };
		42B227772420EDC9004F3217 /* LaunchScreen.storyboard in Resources */ = {isa = PBXBuildFile; fileRef = 42B227752420EDC9004F3217 /* LaunchScreen.storyboard */; };
		798726A7440AABD86CD0D55C /* Pods_HCI.framework in Frameworks */ = {isa = PBXBuildFile; fileRef = 677A675A7B87FAC4AC1774ED /* Pods_HCI.framework */; };
/* End PBXBuildFile section */

/* Begin PBXFileReference section */
		428E810424211E77007FCB8D /* HCProductTableViewCell.swift */ = {isa = PBXFileReference; lastKnownFileType = sourcecode.swift; path = HCProductTableViewCell.swift; sourceTree = "<group>"; };
		428E810624211E89007FCB8D /* HCBlogTableViewCell.swift */ = {isa = PBXFileReference; lastKnownFileType = sourcecode.swift; path = HCBlogTableViewCell.swift; sourceTree = "<group>"; };
		428E810924212384007FCB8D /* HCMainViewModel.swift */ = {isa = PBXFileReference; lastKnownFileType = sourcecode.swift; path = HCMainViewModel.swift; sourceTree = "<group>"; };
		428E810D24213304007FCB8D /* HCProductCollectionViewCell.swift */ = {isa = PBXFileReference; lastKnownFileType = sourcecode.swift; path = HCProductCollectionViewCell.swift; sourceTree = "<group>"; };
		42B227672420EDC7004F3217 /* HCI.app */ = {isa = PBXFileReference; explicitFileType = wrapper.application; includeInIndex = 0; path = HCI.app; sourceTree = BUILT_PRODUCTS_DIR; };
		42B2276A2420EDC7004F3217 /* AppDelegate.swift */ = {isa = PBXFileReference; lastKnownFileType = sourcecode.swift; path = AppDelegate.swift; sourceTree = "<group>"; };
		42B2276C2420EDC7004F3217 /* SceneDelegate.swift */ = {isa = PBXFileReference; lastKnownFileType = sourcecode.swift; path = SceneDelegate.swift; sourceTree = "<group>"; };
		42B2276E2420EDC7004F3217 /* HCViewController.swift */ = {isa = PBXFileReference; lastKnownFileType = sourcecode.swift; path = HCViewController.swift; sourceTree = "<group>"; };
		42B227732420EDC9004F3217 /* Assets.xcassets */ = {isa = PBXFileReference; lastKnownFileType = folder.assetcatalog; path = Assets.xcassets; sourceTree = "<group>"; };
		42B227762420EDC9004F3217 /* Base */ = {isa = PBXFileReference; lastKnownFileType = file.storyboard; name = Base; path = Base.lproj/LaunchScreen.storyboard; sourceTree = "<group>"; };
		42B227782420EDC9004F3217 /* Info.plist */ = {isa = PBXFileReference; lastKnownFileType = text.plist.xml; path = Info.plist; sourceTree = "<group>"; };
		677A675A7B87FAC4AC1774ED /* Pods_HCI.framework */ = {isa = PBXFileReference; explicitFileType = wrapper.framework; includeInIndex = 0; path = Pods_HCI.framework; sourceTree = BUILT_PRODUCTS_DIR; };
		6C7090576FDEF1BAE4B321F7 /* Pods-HCI.debug.xcconfig */ = {isa = PBXFileReference; includeInIndex = 1; lastKnownFileType = text.xcconfig; name = "Pods-HCI.debug.xcconfig"; path = "Target Support Files/Pods-HCI/Pods-HCI.debug.xcconfig"; sourceTree = "<group>"; };
		A4052A998BBDA8EC05BE1DA5 /* Pods-HCI.release.xcconfig */ = {isa = PBXFileReference; includeInIndex = 1; lastKnownFileType = text.xcconfig; name = "Pods-HCI.release.xcconfig"; path = "Target Support Files/Pods-HCI/Pods-HCI.release.xcconfig"; sourceTree = "<group>"; };
/* End PBXFileReference section */

/* Begin PBXFrameworksBuildPhase section */
		42B227642420EDC7004F3217 /* Frameworks */ = {
			isa = PBXFrameworksBuildPhase;
			buildActionMask = 2147483647;
			files = (
				798726A7440AABD86CD0D55C /* Pods_HCI.framework in Frameworks */,
			);
			runOnlyForDeploymentPostprocessing = 0;
		};
/* End PBXFrameworksBuildPhase section */

/* Begin PBXGroup section */
		428E810124211BAB007FCB8D /* Main */ = {
			isa = PBXGroup;
			children = (
				42B2276E2420EDC7004F3217 /* HCViewController.swift */,
				428E810424211E77007FCB8D /* HCProductTableViewCell.swift */,
				428E810624211E89007FCB8D /* HCBlogTableViewCell.swift */,
				428E810D24213304007FCB8D /* HCProductCollectionViewCell.swift */,
			);
			path = Main;
			sourceTree = "<group>";
		};
		428E810824212372007FCB8D /* Main */ = {
			isa = PBXGroup;
			children = (
				428E810924212384007FCB8D /* HCMainViewModel.swift */,
			);
			path = Main;
			sourceTree = "<group>";
		};
		42B2275E2420EDC7004F3217 = {
			isa = PBXGroup;
			children = (
				42B227692420EDC7004F3217 /* HCI */,
				42B227682420EDC7004F3217 /* Products */,
				BA8BD1477B6437358821A636 /* Pods */,
				50CE782D70C182D2D991C354 /* Frameworks */,
			);
			sourceTree = "<group>";
		};
		42B227682420EDC7004F3217 /* Products */ = {
			isa = PBXGroup;
			children = (
				42B227672420EDC7004F3217 /* HCI.app */,
			);
			name = Products;
			sourceTree = "<group>";
		};
		42B227692420EDC7004F3217 /* HCI */ = {
			isa = PBXGroup;
			children = (
				42B227782420EDC9004F3217 /* Info.plist */,
				42B2276A2420EDC7004F3217 /* AppDelegate.swift */,
				42B2276C2420EDC7004F3217 /* SceneDelegate.swift */,
				42B227732420EDC9004F3217 /* Assets.xcassets */,
				42B2277E24211525004F3217 /* Common */,
				42B2277F242115A0004F3217 /* Extensions */,
				42B227752420EDC9004F3217 /* LaunchScreen.storyboard */,
				42B22780242115AD004F3217 /* Models */,
				42B22781242115B3004F3217 /* ViewModels */,
				42B22782242115BA004F3217 /* Views */,
			);
			path = HCI;
			sourceTree = "<group>";
		};
		42B2277E24211525004F3217 /* Common */ = {
			isa = PBXGroup;
			children = (
			);
			path = Common;
			sourceTree = "<group>";
		};
		42B2277F242115A0004F3217 /* Extensions */ = {
			isa = PBXGroup;
			children = (
			);
			path = Extensions;
			sourceTree = "<group>";
		};
		42B22780242115AD004F3217 /* Models */ = {
			isa = PBXGroup;
			children = (
			);
			path = Models;
			sourceTree = "<group>";
		};
		42B22781242115B3004F3217 /* ViewModels */ = {
			isa = PBXGroup;
			children = (
				428E810824212372007FCB8D /* Main */,
			);
			path = ViewModels;
			sourceTree = "<group>";
		};
		42B22782242115BA004F3217 /* Views */ = {
			isa = PBXGroup;
			children = (
				428E810124211BAB007FCB8D /* Main */,
			);
			path = Views;
			sourceTree = "<group>";
		};
		50CE782D70C182D2D991C354 /* Frameworks */ = {
			isa = PBXGroup;
			children = (
				677A675A7B87FAC4AC1774ED /* Pods_HCI.framework */,
			);
			name = Frameworks;
			sourceTree = "<group>";
		};
		BA8BD1477B6437358821A636 /* Pods */ = {
			isa = PBXGroup;
			children = (
				6C7090576FDEF1BAE4B321F7 /* Pods-HCI.debug.xcconfig */,
				A4052A998BBDA8EC05BE1DA5 /* Pods-HCI.release.xcconfig */,
			);
			path = Pods;
			sourceTree = "<group>";
		};
/* End PBXGroup section */

/* Begin PBXNativeTarget section */
		42B227662420EDC7004F3217 /* HCI */ = {
			isa = PBXNativeTarget;
			buildConfigurationList = 42B2277B2420EDC9004F3217 /* Build configuration list for PBXNativeTarget "HCI" */;
			buildPhases = (
				9BC2C80830DE9BE9523FDF62 /* [CP] Check Pods Manifest.lock */,
				42B227632420EDC7004F3217 /* Sources */,
				42B227642420EDC7004F3217 /* Frameworks */,
				42B227652420EDC7004F3217 /* Resources */,
				CB96DB8D99EB8997225D2342 /* [CP] Embed Pods Frameworks */,
				428E810224211BFA007FCB8D /* Swiftlint Run Script */,
				428E810324211C19007FCB8D /* Bump Up Build Number Script */,
			);
			buildRules = (
			);
			dependencies = (
			);
			name = HCI;
			productName = HCI;
			productReference = 42B227672420EDC7004F3217 /* HCI.app */;
			productType = "com.apple.product-type.application";
		};
/* End PBXNativeTarget section */

/* Begin PBXProject section */
		42B2275F2420EDC7004F3217 /* Project object */ = {
			isa = PBXProject;
			attributes = {
				LastSwiftUpdateCheck = 1130;
				LastUpgradeCheck = 1130;
				ORGANIZATIONNAME = "Stand Alone";
				TargetAttributes = {
					42B227662420EDC7004F3217 = {
						CreatedOnToolsVersion = 11.3.1;
					};
				};
			};
			buildConfigurationList = 42B227622420EDC7004F3217 /* Build configuration list for PBXProject "HCI" */;
			compatibilityVersion = "Xcode 9.3";
			developmentRegion = en;
			hasScannedForEncodings = 0;
			knownRegions = (
				en,
				Base,
			);
			mainGroup = 42B2275E2420EDC7004F3217;
			productRefGroup = 42B227682420EDC7004F3217 /* Products */;
			projectDirPath = "";
			projectRoot = "";
			targets = (
				42B227662420EDC7004F3217 /* HCI */,
			);
		};
/* End PBXProject section */

/* Begin PBXResourcesBuildPhase section */
		42B227652420EDC7004F3217 /* Resources */ = {
			isa = PBXResourcesBuildPhase;
			buildActionMask = 2147483647;
			files = (
				42B227772420EDC9004F3217 /* LaunchScreen.storyboard in Resources */,
				42B227742420EDC9004F3217 /* Assets.xcassets in Resources */,
			);
			runOnlyForDeploymentPostprocessing = 0;
		};
/* End PBXResourcesBuildPhase section */

/* Begin PBXShellScriptBuildPhase section */
		428E810224211BFA007FCB8D /* Swiftlint Run Script */ = {
			isa = PBXShellScriptBuildPhase;
			buildActionMask = 2147483647;
			files = (
			);
			inputFileListPaths = (
			);
			inputPaths = (
			);
			name = "Swiftlint Run Script";
			outputFileListPaths = (
			);
			outputPaths = (
			);
			runOnlyForDeploymentPostprocessing = 0;
			shellPath = /bin/sh;
			shellScript = "\"${PODS_ROOT}/SwiftLint/swiftlint\"\n";
		};
		428E810324211C19007FCB8D /* Bump Up Build Number Script */ = {
			isa = PBXShellScriptBuildPhase;
			buildActionMask = 2147483647;
			files = (
			);
			inputFileListPaths = (
			);
			inputPaths = (
			);
			name = "Bump Up Build Number Script";
			outputFileListPaths = (
			);
			outputPaths = (
			);
			runOnlyForDeploymentPostprocessing = 0;
			shellPath = /bin/sh;
			shellScript = "BUILDNUM=$(/usr/libexec/PlistBuddy -c \"Print CFBundleVersion\" \"${PROJECT_DIR}/${INFOPLIST_FILE}\")\nNEWBUILDNUM=$(($BUILDNUM + 1))\nNEWBUILDNUMSTRING=`echo $NEWBUILDNUM`\n/usr/libexec/PlistBuddy -c \"Set :CFBundleVersion $NEWBUILDNUMSTRING\" \"${PROJECT_DIR}/${INFOPLIST_FILE}\"\n\n";
		};
		9BC2C80830DE9BE9523FDF62 /* [CP] Check Pods Manifest.lock */ = {
			isa = PBXShellScriptBuildPhase;
			buildActionMask = 2147483647;
			files = (
			);
			inputFileListPaths = (
			);
			inputPaths = (
				"${PODS_PODFILE_DIR_PATH}/Podfile.lock",
				"${PODS_ROOT}/Manifest.lock",
			);
			name = "[CP] Check Pods Manifest.lock";
			outputFileListPaths = (
			);
			outputPaths = (
				"$(DERIVED_FILE_DIR)/Pods-HCI-checkManifestLockResult.txt",
			);
			runOnlyForDeploymentPostprocessing = 0;
			shellPath = /bin/sh;
			shellScript = "diff \"${PODS_PODFILE_DIR_PATH}/Podfile.lock\" \"${PODS_ROOT}/Manifest.lock\" > /dev/null\nif [ $? != 0 ] ; then\n    # print error to STDERR\n    echo \"error: The sandbox is not in sync with the Podfile.lock. Run 'pod install' or update your CocoaPods installation.\" >&2\n    exit 1\nfi\n# This output is used by Xcode 'outputs' to avoid re-running this script phase.\necho \"SUCCESS\" > \"${SCRIPT_OUTPUT_FILE_0}\"\n";
			showEnvVarsInLog = 0;
		};
		CB96DB8D99EB8997225D2342 /* [CP] Embed Pods Frameworks */ = {
			isa = PBXShellScriptBuildPhase;
			buildActionMask = 2147483647;
			files = (
			);
			inputFileListPaths = (
				"${PODS_ROOT}/Target Support Files/Pods-HCI/Pods-HCI-frameworks-${CONFIGURATION}-input-files.xcfilelist",
			);
			name = "[CP] Embed Pods Frameworks";
			outputFileListPaths = (
				"${PODS_ROOT}/Target Support Files/Pods-HCI/Pods-HCI-frameworks-${CONFIGURATION}-output-files.xcfilelist",
			);
			runOnlyForDeploymentPostprocessing = 0;
			shellPath = /bin/sh;
			shellScript = "\"${PODS_ROOT}/Target Support Files/Pods-HCI/Pods-HCI-frameworks.sh\"\n";
			showEnvVarsInLog = 0;
		};
/* End PBXShellScriptBuildPhase section */

/* Begin PBXSourcesBuildPhase section */
		42B227632420EDC7004F3217 /* Sources */ = {
			isa = PBXSourcesBuildPhase;
			buildActionMask = 2147483647;
			files = (
				428E810724211E89007FCB8D /* HCBlogTableViewCell.swift in Sources */,
				42B2276F2420EDC7004F3217 /* HCViewController.swift in Sources */,
				428E810A24212384007FCB8D /* HCMainViewModel.swift in Sources */,
				42B2276B2420EDC7004F3217 /* AppDelegate.swift in Sources */,
				428E810F24213304007FCB8D /* HCProductCollectionViewCell.swift in Sources */,
				428E810524211E77007FCB8D /* HCProductTableViewCell.swift in Sources */,
				42B2276D2420EDC7004F3217 /* SceneDelegate.swift in Sources */,
			);
			runOnlyForDeploymentPostprocessing = 0;
		};
/* End PBXSourcesBuildPhase section */

/* Begin PBXVariantGroup section */
		42B227752420EDC9004F3217 /* LaunchScreen.storyboard */ = {
			isa = PBXVariantGroup;
			children = (
				42B227762420EDC9004F3217 /* Base */,
			);
			name = LaunchScreen.storyboard;
			sourceTree = "<group>";
		};
/* End PBXVariantGroup section */

/* Begin XCBuildConfiguration section */
		42B227792420EDC9004F3217 /* Debug */ = {
			isa = XCBuildConfiguration;
			buildSettings = {
				ALWAYS_SEARCH_USER_PATHS = NO;
				CLANG_ANALYZER_NONNULL = YES;
				CLANG_ANALYZER_NUMBER_OBJECT_CONVERSION = YES_AGGRESSIVE;
				CLANG_CXX_LANGUAGE_STANDARD = "gnu++14";
				CLANG_CXX_LIBRARY = "libc++";
				CLANG_ENABLE_MODULES = YES;
				CLANG_ENABLE_OBJC_ARC = YES;
				CLANG_ENABLE_OBJC_WEAK = YES;
				CLANG_WARN_BLOCK_CAPTURE_AUTORELEASING = YES;
				CLANG_WARN_BOOL_CONVERSION = YES;
				CLANG_WARN_COMMA = YES;
				CLANG_WARN_CONSTANT_CONVERSION = YES;
				CLANG_WARN_DEPRECATED_OBJC_IMPLEMENTATIONS = YES;
				CLANG_WARN_DIRECT_OBJC_ISA_USAGE = YES_ERROR;
				CLANG_WARN_DOCUMENTATION_COMMENTS = YES;
				CLANG_WARN_EMPTY_BODY = YES;
				CLANG_WARN_ENUM_CONVERSION = YES;
				CLANG_WARN_INFINITE_RECURSION = YES;
				CLANG_WARN_INT_CONVERSION = YES;
				CLANG_WARN_NON_LITERAL_NULL_CONVERSION = YES;
				CLANG_WARN_OBJC_IMPLICIT_RETAIN_SELF = YES;
				CLANG_WARN_OBJC_LITERAL_CONVERSION = YES;
				CLANG_WARN_OBJC_ROOT_CLASS = YES_ERROR;
				CLANG_WARN_RANGE_LOOP_ANALYSIS = YES;
				CLANG_WARN_STRICT_PROTOTYPES = YES;
				CLANG_WARN_SUSPICIOUS_MOVE = YES;
				CLANG_WARN_UNGUARDED_AVAILABILITY = YES_AGGRESSIVE;
				CLANG_WARN_UNREACHABLE_CODE = YES;
				CLANG_WARN__DUPLICATE_METHOD_MATCH = YES;
				COPY_PHASE_STRIP = NO;
				DEBUG_INFORMATION_FORMAT = dwarf;
				ENABLE_STRICT_OBJC_MSGSEND = YES;
				ENABLE_TESTABILITY = YES;
				GCC_C_LANGUAGE_STANDARD = gnu11;
				GCC_DYNAMIC_NO_PIC = NO;
				GCC_NO_COMMON_BLOCKS = YES;
				GCC_OPTIMIZATION_LEVEL = 0;
				GCC_PREPROCESSOR_DEFINITIONS = (
					"DEBUG=1",
					"$(inherited)",
				);
				GCC_WARN_64_TO_32_BIT_CONVERSION = YES;
				GCC_WARN_ABOUT_RETURN_TYPE = YES_ERROR;
				GCC_WARN_UNDECLARED_SELECTOR = YES;
				GCC_WARN_UNINITIALIZED_AUTOS = YES_AGGRESSIVE;
				GCC_WARN_UNUSED_FUNCTION = YES;
				GCC_WARN_UNUSED_VARIABLE = YES;
				IPHONEOS_DEPLOYMENT_TARGET = 10.0;
				MTL_ENABLE_DEBUG_INFO = INCLUDE_SOURCE;
				MTL_FAST_MATH = YES;
				ONLY_ACTIVE_ARCH = YES;
				SDKROOT = iphoneos;
				SWIFT_ACTIVE_COMPILATION_CONDITIONS = DEBUG;
				SWIFT_OPTIMIZATION_LEVEL = "-Onone";
			};
			name = Debug;
		};
		42B2277A2420EDC9004F3217 /* Release */ = {
			isa = XCBuildConfiguration;
			buildSettings = {
				ALWAYS_SEARCH_USER_PATHS = NO;
				CLANG_ANALYZER_NONNULL = YES;
				CLANG_ANALYZER_NUMBER_OBJECT_CONVERSION = YES_AGGRESSIVE;
				CLANG_CXX_LANGUAGE_STANDARD = "gnu++14";
				CLANG_CXX_LIBRARY = "libc++";
				CLANG_ENABLE_MODULES = YES;
				CLANG_ENABLE_OBJC_ARC = YES;
				CLANG_ENABLE_OBJC_WEAK = YES;
				CLANG_WARN_BLOCK_CAPTURE_AUTORELEASING = YES;
				CLANG_WARN_BOOL_CONVERSION = YES;
				CLANG_WARN_COMMA = YES;
				CLANG_WARN_CONSTANT_CONVERSION = YES;
				CLANG_WARN_DEPRECATED_OBJC_IMPLEMENTATIONS = YES;
				CLANG_WARN_DIRECT_OBJC_ISA_USAGE = YES_ERROR;
				CLANG_WARN_DOCUMENTATION_COMMENTS = YES;
				CLANG_WARN_EMPTY_BODY = YES;
				CLANG_WARN_ENUM_CONVERSION = YES;
				CLANG_WARN_INFINITE_RECURSION = YES;
				CLANG_WARN_INT_CONVERSION = YES;
				CLANG_WARN_NON_LITERAL_NULL_CONVERSION = YES;
				CLANG_WARN_OBJC_IMPLICIT_RETAIN_SELF = YES;
				CLANG_WARN_OBJC_LITERAL_CONVERSION = YES;
				CLANG_WARN_OBJC_ROOT_CLASS = YES_ERROR;
				CLANG_WARN_RANGE_LOOP_ANALYSIS = YES;
				CLANG_WARN_STRICT_PROTOTYPES = YES;
				CLANG_WARN_SUSPICIOUS_MOVE = YES;
				CLANG_WARN_UNGUARDED_AVAILABILITY = YES_AGGRESSIVE;
				CLANG_WARN_UNREACHABLE_CODE = YES;
				CLANG_WARN__DUPLICATE_METHOD_MATCH = YES;
				COPY_PHASE_STRIP = NO;
				DEBUG_INFORMATION_FORMAT = "dwarf-with-dsym";
				ENABLE_NS_ASSERTIONS = NO;
				ENABLE_STRICT_OBJC_MSGSEND = YES;
				GCC_C_LANGUAGE_STANDARD = gnu11;
				GCC_NO_COMMON_BLOCKS = YES;
				GCC_WARN_64_TO_32_BIT_CONVERSION = YES;
				GCC_WARN_ABOUT_RETURN_TYPE = YES_ERROR;
				GCC_WARN_UNDECLARED_SELECTOR = YES;
				GCC_WARN_UNINITIALIZED_AUTOS = YES_AGGRESSIVE;
				GCC_WARN_UNUSED_FUNCTION = YES;
				GCC_WARN_UNUSED_VARIABLE = YES;
				IPHONEOS_DEPLOYMENT_TARGET = 10.0;
				MTL_ENABLE_DEBUG_INFO = NO;
				MTL_FAST_MATH = YES;
				SDKROOT = iphoneos;
				SWIFT_COMPILATION_MODE = wholemodule;
				SWIFT_OPTIMIZATION_LEVEL = "-O";
				VALIDATE_PRODUCT = YES;
			};
			name = Release;
		};
		42B2277C2420EDC9004F3217 /* Debug */ = {
			isa = XCBuildConfiguration;
			baseConfigurationReference = 6C7090576FDEF1BAE4B321F7 /* Pods-HCI.debug.xcconfig */;
			buildSettings = {
				ASSETCATALOG_COMPILER_APPICON_NAME = AppIcon;
				CODE_SIGN_STYLE = Automatic;
				DEVELOPMENT_TEAM = 672G34E675;
				INFOPLIST_FILE = HCI/Info.plist;
				LD_RUNPATH_SEARCH_PATHS = (
					"$(inherited)",
					"@executable_path/Frameworks",
				);
				PRODUCT_BUNDLE_IDENTIFIER = com.standalone.luthfi.HCI;
				PRODUCT_NAME = "$(TARGET_NAME)";
				SWIFT_VERSION = 5.0;
				TARGETED_DEVICE_FAMILY = "1,2";
			};
			name = Debug;
		};
		42B2277D2420EDC9004F3217 /* Release */ = {
			isa = XCBuildConfiguration;
			baseConfigurationReference = A4052A998BBDA8EC05BE1DA5 /* Pods-HCI.release.xcconfig */;
			buildSettings = {
				ASSETCATALOG_COMPILER_APPICON_NAME = AppIcon;
				CODE_SIGN_STYLE = Automatic;
				DEVELOPMENT_TEAM = 672G34E675;
				INFOPLIST_FILE = HCI/Info.plist;
				LD_RUNPATH_SEARCH_PATHS = (
					"$(inherited)",
					"@executable_path/Frameworks",
				);
				PRODUCT_BUNDLE_IDENTIFIER = com.standalone.luthfi.HCI;
				PRODUCT_NAME = "$(TARGET_NAME)";
				SWIFT_VERSION = 5.0;
				TARGETED_DEVICE_FAMILY = "1,2";
			};
			name = Release;
		};
/* End XCBuildConfiguration section */

/* Begin XCConfigurationList section */
		42B227622420EDC7004F3217 /* Build configuration list for PBXProject "HCI" */ = {
			isa = XCConfigurationList;
			buildConfigurations = (
				42B227792420EDC9004F3217 /* Debug */,
				42B2277A2420EDC9004F3217 /* Release */,
			);
			defaultConfigurationIsVisible = 0;
			defaultConfigurationName = Release;
		};
		42B2277B2420EDC9004F3217 /* Build configuration list for PBXNativeTarget "HCI" */ = {
			isa = XCConfigurationList;
			buildConfigurations = (
				42B2277C2420EDC9004F3217 /* Debug */,
				42B2277D2420EDC9004F3217 /* Release */,
			);
			defaultConfigurationIsVisible = 0;
			defaultConfigurationName = Release;
		};
/* End XCConfigurationList section */
	};
	rootObject = 42B2275F2420EDC7004F3217 /* Project object */;
}
